
Microsoft Visual Studio Solution File, Format Version 12.00
# Visual Studio 2017
Project("{FAE04EC0-301F-11D3-BF4B-00C04F79EFBC}") = "SBase", "SBase.csproj", "{F2AB5ACE-44F8-254B-314C-3415A6458930}"
EndProject
Project("{FAE04EC0-301F-11D3-BF4B-00C04F79EFBC}") = "SBase.Editor", "SBase.Editor.csproj", "{893DFD9D-7B98-F181-6425-DBEE0ED07CE8}"
EndProject
Global
	GlobalSection(SolutionConfigurationPlatforms) = preSolution
		Debug|Any CPU = Debug|Any CPU
		Release|Any CPU = Release|Any CPU
	EndGlobalSection
	GlobalSection(ProjectConfigurationPlatforms) = postSolution
		{F2AB5ACE-44F8-254B-314C-3415A6458930}.Debug|Any CPU.ActiveCfg = Debug|Any CPU
		{F2AB5ACE-44F8-254B-314C-3415A6458930}.Debug|Any CPU.Build.0 = Debug|Any CPU
		{F2AB5ACE-44F8-254B-314C-3415A6458930}.Release|Any CPU.ActiveCfg = Release|Any CPU
		{F2AB5ACE-44F8-254B-314C-3415A6458930}.Release|Any CPU.Build.0 = Release|Any CPU
		{893DFD9D-7B98-F181-6425-DBEE0ED07CE8}.Debug|Any CPU.ActiveCfg = Debug|Any CPU
		{893DFD9D-7B98-F181-6425-DBEE0ED07CE8}.Debug|Any CPU.Build.0 = Debug|Any CPU
		{893DFD9D-7B98-F181-6425-DBEE0ED07CE8}.Release|Any CPU.ActiveCfg = Release|Any CPU
		{893DFD9D-7B98-F181-6425-DBEE0ED07CE8}.Release|Any CPU.Build.0 = Release|Any CPU
	EndGlobalSection
	GlobalSection(SolutionProperties) = preSolution
		HideSolutionNode = FALSE
	EndGlobalSection
EndGlobal
